
Microsoft Visual Studio Solution File, Format Version 12.00
# Visual Studio Version 17
VisualStudioVersion = 17.8.34316.72
MinimumVisualStudioVersion = 10.0.40219.1
Project("{9A19103F-16F7-4668-BE54-9A1E7A4F7556}") = "Backend", "Backend\Backend.csproj", "{B1F2CBAD-E81E-4822-83F0-26429B000676}"
EndProject
Project("{9A19103F-16F7-4668-BE54-9A1E7A4F7556}") = "Backend.Test", "Backend.Test\Backend.Test.csproj", "{215C249B-977D-4751-A668-ECF40C5D8785}"
EndProject
Project("{FAE04EC0-301F-11D3-BF4B-00C04F79EFBC}") = "Winform", "Winform\Winform.csproj", "{8AC4C256-1A9B-49A2-B693-14B3D975006D}"
EndProject
Global
	GlobalSection(SolutionConfigurationPlatforms) = preSolution
		Debug|Any CPU = Debug|Any CPU
		Release|Any CPU = Release|Any CPU
	EndGlobalSection
	GlobalSection(ProjectConfigurationPlatforms) = postSolution
		{B1F2CBAD-E81E-4822-83F0-26429B000676}.Debug|Any CPU.ActiveCfg = Debug|Any CPU
		{B1F2CBAD-E81E-4822-83F0-26429B000676}.Debug|Any CPU.Build.0 = Debug|Any CPU
		{B1F2CBAD-E81E-4822-83F0-26429B000676}.Release|Any CPU.ActiveCfg = Release|Any CPU
		{B1F2CBAD-E81E-4822-83F0-26429B000676}.Release|Any CPU.Build.0 = Release|Any CPU
		{215C249B-977D-4751-A668-ECF40C5D8785}.Debug|Any CPU.ActiveCfg = Debug|Any CPU
		{215C249B-977D-4751-A668-ECF40C5D8785}.Debug|Any CPU.Build.0 = Debug|Any CPU
		{215C249B-977D-4751-A668-ECF40C5D8785}.Release|Any CPU.ActiveCfg = Release|Any CPU
		{215C249B-977D-4751-A668-ECF40C5D8785}.Release|Any CPU.Build.0 = Release|Any CPU
		{8AC4C256-1A9B-49A2-B693-14B3D975006D}.Debug|Any CPU.ActiveCfg = Debug|Any CPU
		{8AC4C256-1A9B-49A2-B693-14B3D975006D}.Debug|Any CPU.Build.0 = Debug|Any CPU
		{8AC4C256-1A9B-49A2-B693-14B3D975006D}.Release|Any CPU.ActiveCfg = Release|Any CPU
		{8AC4C256-1A9B-49A2-B693-14B3D975006D}.Release|Any CPU.Build.0 = Release|Any CPU
	EndGlobalSection
	GlobalSection(SolutionProperties) = preSolution
		HideSolutionNode = FALSE
	EndGlobalSection
	GlobalSection(ExtensibilityGlobals) = postSolution
		SolutionGuid = {DE0075AA-A74C-4EBE-A480-4E58219CFA7A}
	EndGlobalSection
EndGlobal
